
Microsoft Visual Studio Solution File, Format Version 12.00
# Visual Studio 15
VisualStudioVersion = 15.0.28010.2036
MinimumVisualStudioVersion = 10.0.40219.1
Project("{9A19103F-16F7-4668-BE54-9A1E7A4F7556}") = "VRdkHRMsystem", "VRdkHRMsystem\VRdkHRMsystem.csproj", "{04439037-5565-4A00-B70F-BFABCC89CFB9}"
EndProject
Project("{9A19103F-16F7-4668-BE54-9A1E7A4F7556}") = "VRdkHRMsysDAL", "VRdkHRMsysDAL\VRdkHRMsysDAL.csproj", "{694E1078-6436-4A12-BFD5-B97E34487DAD}"
EndProject
Project("{9A19103F-16F7-4668-BE54-9A1E7A4F7556}") = "VRdkHRMsysBLL", "VRdkHRMsysBLL\VRdkHRMsysBLL.csproj", "{CEA4A250-8110-450D-85BE-2E9E790E24EE}"
EndProject
Global
	GlobalSection(SolutionConfigurationPlatforms) = preSolution
		Debug|Any CPU = Debug|Any CPU
		Release|Any CPU = Release|Any CPU
	EndGlobalSection
	GlobalSection(ProjectConfigurationPlatforms) = postSolution
		{04439037-5565-4A00-B70F-BFABCC89CFB9}.Debug|Any CPU.ActiveCfg = Debug|Any CPU
		{04439037-5565-4A00-B70F-BFABCC89CFB9}.Debug|Any CPU.Build.0 = Debug|Any CPU
		{04439037-5565-4A00-B70F-BFABCC89CFB9}.Release|Any CPU.ActiveCfg = Release|Any CPU
		{04439037-5565-4A00-B70F-BFABCC89CFB9}.Release|Any CPU.Build.0 = Release|Any CPU
		{694E1078-6436-4A12-BFD5-B97E34487DAD}.Debug|Any CPU.ActiveCfg = Debug|Any CPU
		{694E1078-6436-4A12-BFD5-B97E34487DAD}.Debug|Any CPU.Build.0 = Debug|Any CPU
		{694E1078-6436-4A12-BFD5-B97E34487DAD}.Release|Any CPU.ActiveCfg = Release|Any CPU
		{694E1078-6436-4A12-BFD5-B97E34487DAD}.Release|Any CPU.Build.0 = Release|Any CPU
		{CEA4A250-8110-450D-85BE-2E9E790E24EE}.Debug|Any CPU.ActiveCfg = Debug|Any CPU
		{CEA4A250-8110-450D-85BE-2E9E790E24EE}.Debug|Any CPU.Build.0 = Debug|Any CPU
		{CEA4A250-8110-450D-85BE-2E9E790E24EE}.Release|Any CPU.ActiveCfg = Release|Any CPU
		{CEA4A250-8110-450D-85BE-2E9E790E24EE}.Release|Any CPU.Build.0 = Release|Any CPU
	EndGlobalSection
	GlobalSection(SolutionProperties) = preSolution
		HideSolutionNode = FALSE
	EndGlobalSection
	GlobalSection(ExtensibilityGlobals) = postSolution
		SolutionGuid = {81513D76-E969-4C5A-9CD3-ABD36FADA05F}
	EndGlobalSection
EndGlobal
